
Microsoft Visual Studio Solution File, Format Version 12.00
# Visual Studio Version 16
VisualStudioVersion = 16.0.29215.179
MinimumVisualStudioVersion = 10.0.40219.1
Project("{2150E333-8FDC-42A3-9474-1A3956D46DE8}") = "Src", "Src", "{0D6D2EFF-4BC9-4B61-B203-A92D94F8C265}"
EndProject
Project("{2150E333-8FDC-42A3-9474-1A3956D46DE8}") = "Tests", "Tests", "{90468BE1-916F-4DA4-8B79-3F7329EC2C20}"
EndProject
Project("{2150E333-8FDC-42A3-9474-1A3956D46DE8}") = "Core", "Core", "{3512E380-76F5-436E-AD7A-9973B61F27BE}"
EndProject
Project("{2150E333-8FDC-42A3-9474-1A3956D46DE8}") = "Presentation", "Presentation", "{8019284D-3887-4448-A187-9C53F517D2FA}"
EndProject
Project("{2150E333-8FDC-42A3-9474-1A3956D46DE8}") = "Infrastructure", "Infrastructure", "{397EDA23-9167-41BF-8EC3-1E74AB8BCF70}"
EndProject
Project("{9A19103F-16F7-4668-BE54-9A1E7A4F7556}") = "EventIO.Web", "EventIO.Web\EventIO.Web.csproj", "{E5E38565-4076-46A9-B1BB-29F2E0FD0E46}"
EndProject
Project("{9A19103F-16F7-4668-BE54-9A1E7A4F7556}") = "EventIO.Application", "EventIO.Application\EventIO.Application.csproj", "{11C68B61-C06D-48F7-9FEE-31BC1A0848EF}"
EndProject
Project("{9A19103F-16F7-4668-BE54-9A1E7A4F7556}") = "EventIO.Domain", "EventIO.Domain\EventIO.Domain.csproj", "{B4976D9B-FC06-4E1C-9A18-45442584FAF5}"
EndProject
Project("{9A19103F-16F7-4668-BE54-9A1E7A4F7556}") = "EventIO.Persistence", "EventIO.Persistence\EventIO.Persistence.csproj", "{0F469C76-56D6-4D92-AF0E-6154A2926CE4}"
EndProject
Project("{FAE04EC0-301F-11D3-BF4B-00C04F79EFBC}") = "EventIO.Infrastructure", "EventIO.Infrastructure\EventIO.Infrastructure.csproj", "{4C82BB15-FEC5-43CE-99FD-191ECEC0FFCE}"
EndProject
Project("{FAE04EC0-301F-11D3-BF4B-00C04F79EFBC}") = "EventIO.Application.UnitTests", "EventIO.Application.UnitTests\EventIO.Application.UnitTests.csproj", "{A41FFDF0-0096-4BBD-9A16-EA8A758D7AE3}"
EndProject
Global
	GlobalSection(SolutionConfigurationPlatforms) = preSolution
		Debug|Any CPU = Debug|Any CPU
		Release|Any CPU = Release|Any CPU
	EndGlobalSection
	GlobalSection(ProjectConfigurationPlatforms) = postSolution
		{E5E38565-4076-46A9-B1BB-29F2E0FD0E46}.Debug|Any CPU.ActiveCfg = Debug|Any CPU
		{E5E38565-4076-46A9-B1BB-29F2E0FD0E46}.Debug|Any CPU.Build.0 = Debug|Any CPU
		{E5E38565-4076-46A9-B1BB-29F2E0FD0E46}.Release|Any CPU.ActiveCfg = Release|Any CPU
		{E5E38565-4076-46A9-B1BB-29F2E0FD0E46}.Release|Any CPU.Build.0 = Release|Any CPU
		{11C68B61-C06D-48F7-9FEE-31BC1A0848EF}.Debug|Any CPU.ActiveCfg = Debug|Any CPU
		{11C68B61-C06D-48F7-9FEE-31BC1A0848EF}.Debug|Any CPU.Build.0 = Debug|Any CPU
		{11C68B61-C06D-48F7-9FEE-31BC1A0848EF}.Release|Any CPU.ActiveCfg = Release|Any CPU
		{11C68B61-C06D-48F7-9FEE-31BC1A0848EF}.Release|Any CPU.Build.0 = Release|Any CPU
		{B4976D9B-FC06-4E1C-9A18-45442584FAF5}.Debug|Any CPU.ActiveCfg = Debug|Any CPU
		{B4976D9B-FC06-4E1C-9A18-45442584FAF5}.Debug|Any CPU.Build.0 = Debug|Any CPU
		{B4976D9B-FC06-4E1C-9A18-45442584FAF5}.Release|Any CPU.ActiveCfg = Release|Any CPU
		{B4976D9B-FC06-4E1C-9A18-45442584FAF5}.Release|Any CPU.Build.0 = Release|Any CPU
		{0F469C76-56D6-4D92-AF0E-6154A2926CE4}.Debug|Any CPU.ActiveCfg = Debug|Any CPU
		{0F469C76-56D6-4D92-AF0E-6154A2926CE4}.Debug|Any CPU.Build.0 = Debug|Any CPU
		{0F469C76-56D6-4D92-AF0E-6154A2926CE4}.Release|Any CPU.ActiveCfg = Release|Any CPU
		{0F469C76-56D6-4D92-AF0E-6154A2926CE4}.Release|Any CPU.Build.0 = Release|Any CPU
		{4C82BB15-FEC5-43CE-99FD-191ECEC0FFCE}.Debug|Any CPU.ActiveCfg = Debug|Any CPU
		{4C82BB15-FEC5-43CE-99FD-191ECEC0FFCE}.Debug|Any CPU.Build.0 = Debug|Any CPU
		{4C82BB15-FEC5-43CE-99FD-191ECEC0FFCE}.Release|Any CPU.ActiveCfg = Release|Any CPU
		{4C82BB15-FEC5-43CE-99FD-191ECEC0FFCE}.Release|Any CPU.Build.0 = Release|Any CPU
		{A41FFDF0-0096-4BBD-9A16-EA8A758D7AE3}.Debug|Any CPU.ActiveCfg = Debug|Any CPU
		{A41FFDF0-0096-4BBD-9A16-EA8A758D7AE3}.Debug|Any CPU.Build.0 = Debug|Any CPU
		{A41FFDF0-0096-4BBD-9A16-EA8A758D7AE3}.Release|Any CPU.ActiveCfg = Release|Any CPU
		{A41FFDF0-0096-4BBD-9A16-EA8A758D7AE3}.Release|Any CPU.Build.0 = Release|Any CPU
	EndGlobalSection
	GlobalSection(SolutionProperties) = preSolution
		HideSolutionNode = FALSE
	EndGlobalSection
	GlobalSection(NestedProjects) = preSolution
		{3512E380-76F5-436E-AD7A-9973B61F27BE} = {0D6D2EFF-4BC9-4B61-B203-A92D94F8C265}
		{8019284D-3887-4448-A187-9C53F517D2FA} = {0D6D2EFF-4BC9-4B61-B203-A92D94F8C265}
		{397EDA23-9167-41BF-8EC3-1E74AB8BCF70} = {0D6D2EFF-4BC9-4B61-B203-A92D94F8C265}
		{E5E38565-4076-46A9-B1BB-29F2E0FD0E46} = {8019284D-3887-4448-A187-9C53F517D2FA}
		{11C68B61-C06D-48F7-9FEE-31BC1A0848EF} = {3512E380-76F5-436E-AD7A-9973B61F27BE}
		{B4976D9B-FC06-4E1C-9A18-45442584FAF5} = {3512E380-76F5-436E-AD7A-9973B61F27BE}
		{0F469C76-56D6-4D92-AF0E-6154A2926CE4} = {397EDA23-9167-41BF-8EC3-1E74AB8BCF70}
		{4C82BB15-FEC5-43CE-99FD-191ECEC0FFCE} = {397EDA23-9167-41BF-8EC3-1E74AB8BCF70}
		{A41FFDF0-0096-4BBD-9A16-EA8A758D7AE3} = {90468BE1-916F-4DA4-8B79-3F7329EC2C20}
	EndGlobalSection
	GlobalSection(ExtensibilityGlobals) = postSolution
		SolutionGuid = {8BA5C7FD-2186-45CE-A3CE-A2353FBD0C9F}
	EndGlobalSection
EndGlobal
